
Microsoft Visual Studio Solution File, Format Version 12.00
# Visual Studio Version 17
VisualStudioVersion = 17.14.36408.4
MinimumVisualStudioVersion = 10.0.40219.1
Project("{2150E333-8FDC-42A3-9474-1A3956D46DE8}") = "src", "src", "{36D591C7-65C7-A0D1-1CBC-10CDE441BDC8}"
EndProject
Project("{2150E333-8FDC-42A3-9474-1A3956D46DE8}") = "Gateway", "Gateway", "{6C7BF105-45FE-486A-B0B2-FADDDE299E6F}"
EndProject
Project("{2150E333-8FDC-42A3-9474-1A3956D46DE8}") = "Identity", "Identity", "{D26A619B-E3A9-4281-8985-1A495E7DC5D0}"
EndProject
Project("{2150E333-8FDC-42A3-9474-1A3956D46DE8}") = "Services", "Services", "{1778F086-D7C5-48B5-8FEA-95EE09857052}"
EndProject
Project("{2150E333-8FDC-42A3-9474-1A3956D46DE8}") = "Tests", "Tests", "{470C1021-3BC4-4C99-BE87-8B1DB9BECB9A}"
EndProject
Project("{2150E333-8FDC-42A3-9474-1A3956D46DE8}") = "Deploy", "Deploy", "{339B88F0-ADAD-4613-B0ED-709A03067671}"
EndProject
Project("{FAE04EC0-301F-11D3-BF4B-00C04F79EFBC}") = "Identity.Domain", "Identity.Domain\Identity.Domain.csproj", "{73912353-64A4-4591-B9F6-CB187611946B}"
EndProject
Project("{FAE04EC0-301F-11D3-BF4B-00C04F79EFBC}") = "Identity.Infrastructure", "Identity.Infrastructure\Identity.Infrastructure.csproj", "{BC33F175-7345-4B48-BD3E-DF8845FAFB88}"
EndProject
Project("{FAE04EC0-301F-11D3-BF4B-00C04F79EFBC}") = "Identity.Application", "Identity.Application\Identity.Application.csproj", "{B99BD88C-B087-4C47-BDD8-57AAFAEB85D5}"
EndProject
Project("{FAE04EC0-301F-11D3-BF4B-00C04F79EFBC}") = "Identity.Api", "Identity.Api\Identity.Api.csproj", "{0D02026B-E8C4-4305-89CC-A2CEAAF852DB}"
EndProject
Project("{2150E333-8FDC-42A3-9474-1A3956D46DE8}") = "PersonalFinanceTracker", "PersonalFinanceTracker", "{0073D242-EF45-4E72-A453-4B3C947E6827}"
EndProject
Project("{2150E333-8FDC-42A3-9474-1A3956D46DE8}") = "FamilyTree", "FamilyTree", "{6E77E744-3FFC-410E-9F39-D9FE73EBB6BB}"
EndProject
Project("{2150E333-8FDC-42A3-9474-1A3956D46DE8}") = "Portify", "Portify", "{9C7B6920-CD5B-4ACE-A529-DEF5DF4D991B}"
EndProject
Global
	GlobalSection(SolutionConfigurationPlatforms) = preSolution
		Debug|Any CPU = Debug|Any CPU
		Release|Any CPU = Release|Any CPU
	EndGlobalSection
	GlobalSection(ProjectConfigurationPlatforms) = postSolution
		{73912353-64A4-4591-B9F6-CB187611946B}.Debug|Any CPU.ActiveCfg = Debug|Any CPU
		{73912353-64A4-4591-B9F6-CB187611946B}.Debug|Any CPU.Build.0 = Debug|Any CPU
		{73912353-64A4-4591-B9F6-CB187611946B}.Release|Any CPU.ActiveCfg = Release|Any CPU
		{73912353-64A4-4591-B9F6-CB187611946B}.Release|Any CPU.Build.0 = Release|Any CPU
		{BC33F175-7345-4B48-BD3E-DF8845FAFB88}.Debug|Any CPU.ActiveCfg = Debug|Any CPU
		{BC33F175-7345-4B48-BD3E-DF8845FAFB88}.Debug|Any CPU.Build.0 = Debug|Any CPU
		{BC33F175-7345-4B48-BD3E-DF8845FAFB88}.Release|Any CPU.ActiveCfg = Release|Any CPU
		{BC33F175-7345-4B48-BD3E-DF8845FAFB88}.Release|Any CPU.Build.0 = Release|Any CPU
		{B99BD88C-B087-4C47-BDD8-57AAFAEB85D5}.Debug|Any CPU.ActiveCfg = Debug|Any CPU
		{B99BD88C-B087-4C47-BDD8-57AAFAEB85D5}.Debug|Any CPU.Build.0 = Debug|Any CPU
		{B99BD88C-B087-4C47-BDD8-57AAFAEB85D5}.Release|Any CPU.ActiveCfg = Release|Any CPU
		{B99BD88C-B087-4C47-BDD8-57AAFAEB85D5}.Release|Any CPU.Build.0 = Release|Any CPU
		{0D02026B-E8C4-4305-89CC-A2CEAAF852DB}.Debug|Any CPU.ActiveCfg = Debug|Any CPU
		{0D02026B-E8C4-4305-89CC-A2CEAAF852DB}.Debug|Any CPU.Build.0 = Debug|Any CPU
		{0D02026B-E8C4-4305-89CC-A2CEAAF852DB}.Release|Any CPU.ActiveCfg = Release|Any CPU
		{0D02026B-E8C4-4305-89CC-A2CEAAF852DB}.Release|Any CPU.Build.0 = Release|Any CPU
	EndGlobalSection
	GlobalSection(SolutionProperties) = preSolution
		HideSolutionNode = FALSE
	EndGlobalSection
	GlobalSection(NestedProjects) = preSolution
		{6C7BF105-45FE-486A-B0B2-FADDDE299E6F} = {36D591C7-65C7-A0D1-1CBC-10CDE441BDC8}
		{D26A619B-E3A9-4281-8985-1A495E7DC5D0} = {36D591C7-65C7-A0D1-1CBC-10CDE441BDC8}
		{1778F086-D7C5-48B5-8FEA-95EE09857052} = {36D591C7-65C7-A0D1-1CBC-10CDE441BDC8}
		{470C1021-3BC4-4C99-BE87-8B1DB9BECB9A} = {36D591C7-65C7-A0D1-1CBC-10CDE441BDC8}
		{339B88F0-ADAD-4613-B0ED-709A03067671} = {36D591C7-65C7-A0D1-1CBC-10CDE441BDC8}
		{73912353-64A4-4591-B9F6-CB187611946B} = {D26A619B-E3A9-4281-8985-1A495E7DC5D0}
		{BC33F175-7345-4B48-BD3E-DF8845FAFB88} = {D26A619B-E3A9-4281-8985-1A495E7DC5D0}
		{B99BD88C-B087-4C47-BDD8-57AAFAEB85D5} = {D26A619B-E3A9-4281-8985-1A495E7DC5D0}
		{0D02026B-E8C4-4305-89CC-A2CEAAF852DB} = {D26A619B-E3A9-4281-8985-1A495E7DC5D0}
		{0073D242-EF45-4E72-A453-4B3C947E6827} = {1778F086-D7C5-48B5-8FEA-95EE09857052}
		{6E77E744-3FFC-410E-9F39-D9FE73EBB6BB} = {1778F086-D7C5-48B5-8FEA-95EE09857052}
		{9C7B6920-CD5B-4ACE-A529-DEF5DF4D991B} = {1778F086-D7C5-48B5-8FEA-95EE09857052}
	EndGlobalSection
	GlobalSection(ExtensibilityGlobals) = postSolution
		SolutionGuid = {C7A45102-70E8-42CD-B1E1-A24A4CA05600}
	EndGlobalSection
EndGlobal
